
Microsoft Visual Studio Solution File, Format Version 12.00
# Visual Studio 14
VisualStudioVersion = 14.0.23107.0
MinimumVisualStudioVersion = 10.0.40219.1
Project("{FAE04EC0-301F-11D3-BF4B-00C04F79EFBC}") = "Example01", "Example01\Example01.csproj", "{25CE3C55-7DF6-494B-B287-DA56322F3E02}"
EndProject
Project("{FAE04EC0-301F-11D3-BF4B-00C04F79EFBC}") = "Example02", "Example02\Example02.csproj", "{4D829CC0-7B22-4A31-96EF-E5CBC2834416}"
EndProject
Global
	GlobalSection(SolutionConfigurationPlatforms) = preSolution
		Debug|Any CPU = Debug|Any CPU
		Release|Any CPU = Release|Any CPU
	EndGlobalSection
	GlobalSection(ProjectConfigurationPlatforms) = postSolution
		{25CE3C55-7DF6-494B-B287-DA56322F3E02}.Debug|Any CPU.ActiveCfg = Debug|Any CPU
		{25CE3C55-7DF6-494B-B287-DA56322F3E02}.Debug|Any CPU.Build.0 = Debug|Any CPU
		{25CE3C55-7DF6-494B-B287-DA56322F3E02}.Release|Any CPU.ActiveCfg = Release|Any CPU
		{25CE3C55-7DF6-494B-B287-DA56322F3E02}.Release|Any CPU.Build.0 = Release|Any CPU
		{4D829CC0-7B22-4A31-96EF-E5CBC2834416}.Debug|Any CPU.ActiveCfg = Debug|Any CPU
		{4D829CC0-7B22-4A31-96EF-E5CBC2834416}.Debug|Any CPU.Build.0 = Debug|Any CPU
		{4D829CC0-7B22-4A31-96EF-E5CBC2834416}.Release|Any CPU.ActiveCfg = Release|Any CPU
		{4D829CC0-7B22-4A31-96EF-E5CBC2834416}.Release|Any CPU.Build.0 = Release|Any CPU
	EndGlobalSection
	GlobalSection(SolutionProperties) = preSolution
		HideSolutionNode = FALSE
	EndGlobalSection
EndGlobal
